
Microsoft Visual Studio Solution File, Format Version 12.00
# Visual Studio Version 17
VisualStudioVersion = 17.11.35327.3
MinimumVisualStudioVersion = 10.0.40219.1
Project("{9A19103F-16F7-4668-BE54-9A1E7A4F7556}") = "WebApplication1", "WebApplication1\WebApplication1.csproj", "{C5BA02DB-EFCD-44CE-832A-449503101980}"
EndProject
Global
	GlobalSection(SolutionConfigurationPlatforms) = preSolution
		Debug|Any CPU = Debug|Any CPU
		Release|Any CPU = Release|Any CPU
	EndGlobalSection
	GlobalSection(ProjectConfigurationPlatforms) = postSolution
		{C5BA02DB-EFCD-44CE-832A-449503101980}.Debug|Any CPU.ActiveCfg = Debug|Any CPU
		{C5BA02DB-EFCD-44CE-832A-449503101980}.Debug|Any CPU.Build.0 = Debug|Any CPU
		{C5BA02DB-EFCD-44CE-832A-449503101980}.Release|Any CPU.ActiveCfg = Release|Any CPU
		{C5BA02DB-EFCD-44CE-832A-449503101980}.Release|Any CPU.Build.0 = Release|Any CPU
	EndGlobalSection
	GlobalSection(SolutionProperties) = preSolution
		HideSolutionNode = FALSE
	EndGlobalSection
	GlobalSection(ExtensibilityGlobals) = postSolution
		SolutionGuid = {7AA2BD7F-7536-442A-921D-CF9FCEFBFBFC}
	EndGlobalSection
EndGlobal
